# This file is automatically @generated by Cargo.
# It is not intended for manual editing.
version = 4

[[package]]
name = "graph-bfs"
version = "0.1.0"

[[package]]
name = "graph-dfs"
version = "0.1.0"

[[package]]
name = "graph-shortest"
version = "0.1.0"

[[package]]
name = "graph-topo"
version = "0.1.0"
